
Microsoft Visual Studio Solution File, Format Version 12.00
# Visual Studio 15
VisualStudioVersion = 15.0.27130.2036
MinimumVisualStudioVersion = 10.0.40219.1
Project("{FAE04EC0-301F-11D3-BF4B-00C04F79EFBC}") = "PracticeTask3", "PracticeTask3\PracticeTask3.csproj", "{AF715F79-4C27-4A1F-A0CB-6D994C08D9F3}"
EndProject
Global
	GlobalSection(SolutionConfigurationPlatforms) = preSolution
		Debug|Any CPU = Debug|Any CPU
		Release|Any CPU = Release|Any CPU
	EndGlobalSection
	GlobalSection(ProjectConfigurationPlatforms) = postSolution
		{AF715F79-4C27-4A1F-A0CB-6D994C08D9F3}.Debug|Any CPU.ActiveCfg = Debug|Any CPU
		{AF715F79-4C27-4A1F-A0CB-6D994C08D9F3}.Debug|Any CPU.Build.0 = Debug|Any CPU
		{AF715F79-4C27-4A1F-A0CB-6D994C08D9F3}.Release|Any CPU.ActiveCfg = Release|Any CPU
		{AF715F79-4C27-4A1F-A0CB-6D994C08D9F3}.Release|Any CPU.Build.0 = Release|Any CPU
	EndGlobalSection
	GlobalSection(SolutionProperties) = preSolution
		HideSolutionNode = FALSE
	EndGlobalSection
	GlobalSection(ExtensibilityGlobals) = postSolution
		SolutionGuid = {BCEC9DB5-DD0A-463B-B104-71C2F503327C}
	EndGlobalSection
EndGlobal
